{
  "requires": true,
  "lockfileVersion": 1,
  "dependencies": {
    "@asymmetrik/ngx-leaflet": {
      "version": "5.0.2",
      "resolved": "https://registry.npmjs.org/@asymmetrik/ngx-leaflet/-/ngx-leaflet-5.0.2.tgz",
      "integrity": "sha512-y4+U9nUnukdTTO2Z6fCt0V85U605bveERNIzrovjKELkHbxz70TvJSvCU7iSSc5ZwS5ZJI1a24SiBJ5sGt9WMQ=="
    },
    "@types/geojson": {
      "version": "7946.0.7",
      "resolved": "https://registry.npmjs.org/@types/geojson/-/geojson-7946.0.7.tgz",
      "integrity": "sha512-wE2v81i4C4Ol09RtsWFAqg3BUitWbHSpSlIo+bNdsCJijO9sjme+zm+73ZMCa/qMC8UEERxzGbvmr1cffo2SiQ=="
    },
    "@types/leaflet": {
      "version": "1.4.4",
      "resolved": "https://registry.npmjs.org/@types/leaflet/-/leaflet-1.4.4.tgz",
      "integrity": "sha512-CROxHvsRDFyR1OQKZv/WJsCVFv8Wj6wFF/FOI/yiGwX7GMivyvF8Ks5AT3/JYk269pGiE43wP9JOgcr7EK2eUw==",
      "requires": {
        "@types/geojson": "*"
      }
    }
  }
}
